
Microsoft Visual Studio Solution File, Format Version 12.00
# Visual Studio Version 17
VisualStudioVersion = 17.5.33424.131
MinimumVisualStudioVersion = 10.0.40219.1
Project("{9A19103F-16F7-4668-BE54-9A1E7A4F7556}") = "MyEngine.Runtime", "MyEngine\MyEngine.Runtime.csproj", "{B292EECF-3D46-4B01-9A17-307B857C7649}"
EndProject
Project("{9A19103F-16F7-4668-BE54-9A1E7A4F7556}") = "MyGame", "MyGame\MyGame.csproj", "{22FABECC-FCF4-4704-9B34-81A51F43D0C7}"
EndProject
Project("{9A19103F-16F7-4668-BE54-9A1E7A4F7556}") = "MyEngine.Core", "MyEngine.Core\MyEngine.Core.csproj", "{CEC6FBDA-043A-47F2-A8B6-B887EF927315}"
EndProject
Project("{9A19103F-16F7-4668-BE54-9A1E7A4F7556}") = "MyEngine.Physics", "MyEngine.Physics\MyEngine.Physics.csproj", "{C840458F-F5E0-42EA-9927-DB6F62EF593F}"
EndProject
Project("{2150E333-8FDC-42A3-9474-1A3956D46DE8}") = "Tests", "Tests", "{3EAC168D-DFE5-4960-9B56-F9592DABE617}"
EndProject
Project("{9A19103F-16F7-4668-BE54-9A1E7A4F7556}") = "MyEngine.Core.Tests", "Tests\MyEngine.Core.Tests\MyEngine.Core.Tests.csproj", "{7E8BFEB5-D438-495A-B002-56B11A34ADCD}"
EndProject
Project("{9A19103F-16F7-4668-BE54-9A1E7A4F7556}") = "MyEngine.Utils", "MyEngine.Utils\MyEngine.Utils.csproj", "{A83E8877-F6DE-4758-9788-38494CF3FD83}"
EndProject
Project("{9A19103F-16F7-4668-BE54-9A1E7A4F7556}") = "MyEngine.Input", "MyEngine.Input\MyEngine.Input.csproj", "{DDB48065-0CE8-4E2E-9F50-EEFACE98A796}"
EndProject
Project("{9A19103F-16F7-4668-BE54-9A1E7A4F7556}") = "MyEngine.Rendering", "MyEngine.Rendering\MyEngine.Rendering.csproj", "{E7447EE9-AEBC-4E12-8869-99D7101091F7}"
EndProject
Project("{9A19103F-16F7-4668-BE54-9A1E7A4F7556}") = "MyEngine.Input.Tests", "Tests\MyEngine.Input.Tests\MyEngine.Input.Tests.csproj", "{6F9C37E4-47CE-4B5A-9562-EDB65B4ED74A}"
EndProject
Project("{9A19103F-16F7-4668-BE54-9A1E7A4F7556}") = "MyEngine.SourceGenerator", "MyEngine.SourceGenerator\MyEngine.SourceGenerator.csproj", "{6F6B574F-4CDC-4CCA-B4D0-38047C721866}"
EndProject
Project("{9A19103F-16F7-4668-BE54-9A1E7A4F7556}") = "MyEngine.SourceGenerator.Tests", "Tests\MyEngine.SourceGenerator.Tests\MyEngine.SourceGenerator.Tests.csproj", "{AF346F38-BEF3-445C-AC36-109EE09AAD09}"
EndProject
Project("{9A19103F-16F7-4668-BE54-9A1E7A4F7556}") = "MyEngine.Assets", "MyEngine.Assets\MyEngine.Assets.csproj", "{0094A4EC-7900-44DD-AF57-68DC7CEBDD0A}"
EndProject
Project("{9A19103F-16F7-4668-BE54-9A1E7A4F7556}") = "MyEngine.ImGui", "MyEngine.ImGui\MyEngine.ImGui.csproj", "{C121A7DE-9F5D-4806-A631-47C83525CC04}"
EndProject
Project("{9A19103F-16F7-4668-BE54-9A1E7A4F7556}") = "MyEngine.UI", "MyEngine.UI\MyEngine.UI.csproj", "{B8F68B78-E6BC-4961-8BA3-973BF1BE5CFB}"
EndProject
Project("{9A19103F-16F7-4668-BE54-9A1E7A4F7556}") = "MyEngine.Core.Rendering", "MyEngine.Core.Rendering\MyEngine.Core.Rendering.csproj", "{55EFDA22-8454-4B34-AAC1-0F24F462BA0A}"
EndProject
Project("{9A19103F-16F7-4668-BE54-9A1E7A4F7556}") = "MyEngine.TestScenarios", "MyEngine.TestScenarios\MyEngine.TestScenarios.csproj", "{3E60973C-C86F-4765-9DC0-AAC89E6DBD21}"
EndProject
Project("{FAE04EC0-301F-11D3-BF4B-00C04F79EFBC}") = "MyEngine.Assets.Tests", "Tests\MyEngine.Assets.Tests\MyEngine.Assets.Tests.csproj", "{F3A2D5F2-518D-4374-A983-0035A66C8F58}"
EndProject
Global
	GlobalSection(SolutionConfigurationPlatforms) = preSolution
		Debug|Any CPU = Debug|Any CPU
		Release|Any CPU = Release|Any CPU
	EndGlobalSection
	GlobalSection(ProjectConfigurationPlatforms) = postSolution
		{B292EECF-3D46-4B01-9A17-307B857C7649}.Debug|Any CPU.ActiveCfg = Debug|Any CPU
		{B292EECF-3D46-4B01-9A17-307B857C7649}.Debug|Any CPU.Build.0 = Debug|Any CPU
		{B292EECF-3D46-4B01-9A17-307B857C7649}.Release|Any CPU.ActiveCfg = Release|Any CPU
		{B292EECF-3D46-4B01-9A17-307B857C7649}.Release|Any CPU.Build.0 = Release|Any CPU
		{22FABECC-FCF4-4704-9B34-81A51F43D0C7}.Debug|Any CPU.ActiveCfg = Debug|Any CPU
		{22FABECC-FCF4-4704-9B34-81A51F43D0C7}.Debug|Any CPU.Build.0 = Debug|Any CPU
		{22FABECC-FCF4-4704-9B34-81A51F43D0C7}.Release|Any CPU.ActiveCfg = Release|Any CPU
		{22FABECC-FCF4-4704-9B34-81A51F43D0C7}.Release|Any CPU.Build.0 = Release|Any CPU
		{CEC6FBDA-043A-47F2-A8B6-B887EF927315}.Debug|Any CPU.ActiveCfg = Debug|Any CPU
		{CEC6FBDA-043A-47F2-A8B6-B887EF927315}.Debug|Any CPU.Build.0 = Debug|Any CPU
		{CEC6FBDA-043A-47F2-A8B6-B887EF927315}.Release|Any CPU.ActiveCfg = Release|Any CPU
		{CEC6FBDA-043A-47F2-A8B6-B887EF927315}.Release|Any CPU.Build.0 = Release|Any CPU
		{C840458F-F5E0-42EA-9927-DB6F62EF593F}.Debug|Any CPU.ActiveCfg = Debug|Any CPU
		{C840458F-F5E0-42EA-9927-DB6F62EF593F}.Debug|Any CPU.Build.0 = Debug|Any CPU
		{C840458F-F5E0-42EA-9927-DB6F62EF593F}.Release|Any CPU.ActiveCfg = Release|Any CPU
		{C840458F-F5E0-42EA-9927-DB6F62EF593F}.Release|Any CPU.Build.0 = Release|Any CPU
		{7E8BFEB5-D438-495A-B002-56B11A34ADCD}.Debug|Any CPU.ActiveCfg = Debug|Any CPU
		{7E8BFEB5-D438-495A-B002-56B11A34ADCD}.Debug|Any CPU.Build.0 = Debug|Any CPU
		{7E8BFEB5-D438-495A-B002-56B11A34ADCD}.Release|Any CPU.ActiveCfg = Release|Any CPU
		{7E8BFEB5-D438-495A-B002-56B11A34ADCD}.Release|Any CPU.Build.0 = Release|Any CPU
		{A83E8877-F6DE-4758-9788-38494CF3FD83}.Debug|Any CPU.ActiveCfg = Debug|Any CPU
		{A83E8877-F6DE-4758-9788-38494CF3FD83}.Debug|Any CPU.Build.0 = Debug|Any CPU
		{A83E8877-F6DE-4758-9788-38494CF3FD83}.Release|Any CPU.ActiveCfg = Release|Any CPU
		{A83E8877-F6DE-4758-9788-38494CF3FD83}.Release|Any CPU.Build.0 = Release|Any CPU
		{DDB48065-0CE8-4E2E-9F50-EEFACE98A796}.Debug|Any CPU.ActiveCfg = Debug|Any CPU
		{DDB48065-0CE8-4E2E-9F50-EEFACE98A796}.Debug|Any CPU.Build.0 = Debug|Any CPU
		{DDB48065-0CE8-4E2E-9F50-EEFACE98A796}.Release|Any CPU.ActiveCfg = Release|Any CPU
		{DDB48065-0CE8-4E2E-9F50-EEFACE98A796}.Release|Any CPU.Build.0 = Release|Any CPU
		{E7447EE9-AEBC-4E12-8869-99D7101091F7}.Debug|Any CPU.ActiveCfg = Debug|Any CPU
		{E7447EE9-AEBC-4E12-8869-99D7101091F7}.Debug|Any CPU.Build.0 = Debug|Any CPU
		{E7447EE9-AEBC-4E12-8869-99D7101091F7}.Release|Any CPU.ActiveCfg = Release|Any CPU
		{E7447EE9-AEBC-4E12-8869-99D7101091F7}.Release|Any CPU.Build.0 = Release|Any CPU
		{6F9C37E4-47CE-4B5A-9562-EDB65B4ED74A}.Debug|Any CPU.ActiveCfg = Debug|Any CPU
		{6F9C37E4-47CE-4B5A-9562-EDB65B4ED74A}.Debug|Any CPU.Build.0 = Debug|Any CPU
		{6F9C37E4-47CE-4B5A-9562-EDB65B4ED74A}.Release|Any CPU.ActiveCfg = Release|Any CPU
		{6F9C37E4-47CE-4B5A-9562-EDB65B4ED74A}.Release|Any CPU.Build.0 = Release|Any CPU
		{6F6B574F-4CDC-4CCA-B4D0-38047C721866}.Debug|Any CPU.ActiveCfg = Debug|Any CPU
		{6F6B574F-4CDC-4CCA-B4D0-38047C721866}.Debug|Any CPU.Build.0 = Debug|Any CPU
		{6F6B574F-4CDC-4CCA-B4D0-38047C721866}.Release|Any CPU.ActiveCfg = Release|Any CPU
		{6F6B574F-4CDC-4CCA-B4D0-38047C721866}.Release|Any CPU.Build.0 = Release|Any CPU
		{AF346F38-BEF3-445C-AC36-109EE09AAD09}.Debug|Any CPU.ActiveCfg = Debug|Any CPU
		{AF346F38-BEF3-445C-AC36-109EE09AAD09}.Debug|Any CPU.Build.0 = Debug|Any CPU
		{AF346F38-BEF3-445C-AC36-109EE09AAD09}.Release|Any CPU.ActiveCfg = Release|Any CPU
		{AF346F38-BEF3-445C-AC36-109EE09AAD09}.Release|Any CPU.Build.0 = Release|Any CPU
		{0094A4EC-7900-44DD-AF57-68DC7CEBDD0A}.Debug|Any CPU.ActiveCfg = Debug|Any CPU
		{0094A4EC-7900-44DD-AF57-68DC7CEBDD0A}.Debug|Any CPU.Build.0 = Debug|Any CPU
		{0094A4EC-7900-44DD-AF57-68DC7CEBDD0A}.Release|Any CPU.ActiveCfg = Release|Any CPU
		{0094A4EC-7900-44DD-AF57-68DC7CEBDD0A}.Release|Any CPU.Build.0 = Release|Any CPU
		{C121A7DE-9F5D-4806-A631-47C83525CC04}.Debug|Any CPU.ActiveCfg = Debug|Any CPU
		{C121A7DE-9F5D-4806-A631-47C83525CC04}.Debug|Any CPU.Build.0 = Debug|Any CPU
		{C121A7DE-9F5D-4806-A631-47C83525CC04}.Release|Any CPU.ActiveCfg = Release|Any CPU
		{C121A7DE-9F5D-4806-A631-47C83525CC04}.Release|Any CPU.Build.0 = Release|Any CPU
		{B8F68B78-E6BC-4961-8BA3-973BF1BE5CFB}.Debug|Any CPU.ActiveCfg = Debug|Any CPU
		{B8F68B78-E6BC-4961-8BA3-973BF1BE5CFB}.Debug|Any CPU.Build.0 = Debug|Any CPU
		{B8F68B78-E6BC-4961-8BA3-973BF1BE5CFB}.Release|Any CPU.ActiveCfg = Release|Any CPU
		{B8F68B78-E6BC-4961-8BA3-973BF1BE5CFB}.Release|Any CPU.Build.0 = Release|Any CPU
		{55EFDA22-8454-4B34-AAC1-0F24F462BA0A}.Debug|Any CPU.ActiveCfg = Debug|Any CPU
		{55EFDA22-8454-4B34-AAC1-0F24F462BA0A}.Debug|Any CPU.Build.0 = Debug|Any CPU
		{55EFDA22-8454-4B34-AAC1-0F24F462BA0A}.Release|Any CPU.ActiveCfg = Release|Any CPU
		{55EFDA22-8454-4B34-AAC1-0F24F462BA0A}.Release|Any CPU.Build.0 = Release|Any CPU
		{3E60973C-C86F-4765-9DC0-AAC89E6DBD21}.Debug|Any CPU.ActiveCfg = Debug|Any CPU
		{3E60973C-C86F-4765-9DC0-AAC89E6DBD21}.Debug|Any CPU.Build.0 = Debug|Any CPU
		{3E60973C-C86F-4765-9DC0-AAC89E6DBD21}.Release|Any CPU.ActiveCfg = Release|Any CPU
		{3E60973C-C86F-4765-9DC0-AAC89E6DBD21}.Release|Any CPU.Build.0 = Release|Any CPU
		{F3A2D5F2-518D-4374-A983-0035A66C8F58}.Debug|Any CPU.ActiveCfg = Debug|Any CPU
		{F3A2D5F2-518D-4374-A983-0035A66C8F58}.Debug|Any CPU.Build.0 = Debug|Any CPU
		{F3A2D5F2-518D-4374-A983-0035A66C8F58}.Release|Any CPU.ActiveCfg = Release|Any CPU
		{F3A2D5F2-518D-4374-A983-0035A66C8F58}.Release|Any CPU.Build.0 = Release|Any CPU
	EndGlobalSection
	GlobalSection(SolutionProperties) = preSolution
		HideSolutionNode = FALSE
	EndGlobalSection
	GlobalSection(NestedProjects) = preSolution
		{7E8BFEB5-D438-495A-B002-56B11A34ADCD} = {3EAC168D-DFE5-4960-9B56-F9592DABE617}
		{6F9C37E4-47CE-4B5A-9562-EDB65B4ED74A} = {3EAC168D-DFE5-4960-9B56-F9592DABE617}
		{AF346F38-BEF3-445C-AC36-109EE09AAD09} = {3EAC168D-DFE5-4960-9B56-F9592DABE617}
		{3E60973C-C86F-4765-9DC0-AAC89E6DBD21} = {3EAC168D-DFE5-4960-9B56-F9592DABE617}
		{F3A2D5F2-518D-4374-A983-0035A66C8F58} = {3EAC168D-DFE5-4960-9B56-F9592DABE617}
	EndGlobalSection
	GlobalSection(ExtensibilityGlobals) = postSolution
		SolutionGuid = {AFF7B083-474C-4C13-8E07-C7FFC9DC727B}
	EndGlobalSection
EndGlobal
